<Solution>
 <Project Path="src/engine/ArchiSteamFarm/ArchiSteamFarm.csproj" />
 <Project Path="src/SteamCardPilot.Windows/SteamCardPilot.Windows.csproj" />
 <Project Path="tests/SteamCardPilot.Checks/SteamCardPilot.Checks.csproj" />
 <Project Path="src/engine/ArchiSteamFarm.OfficialPlugins.ItemsMatcher/ArchiSteamFarm.OfficialPlugins.ItemsMatcher.csproj" />
 <Project Path="src/engine/ArchiSteamFarm.OfficialPlugins.MobileAuthenticator/ArchiSteamFarm.OfficialPlugins.MobileAuthenticator.csproj" />
 <Project Path="src/engine/ArchiSteamFarm.OfficialPlugins.Monitoring/ArchiSteamFarm.OfficialPlugins.Monitoring.csproj" />
 <Project Path="src/engine/ArchiSteamFarm.Tests/ArchiSteamFarm.Tests.csproj" />
</Solution>
